hash: a75ca76bafc354c53b7c3a9af4980bd0211d19bc694b3a4e1cc75b441ebef594
updated: 2017-04-26T17:54:49.264451374+08:00
imports:
- name: github.com/araddon/gou
  version: 0ab1e8f997e35d27da012072dc531fcc0204da5a
- name: github.com/bitly/go-hostpool
  version: c32c3660406ef1ea14936cc9282e174fe8508c42
- name: github.com/codegangsta/inject
  version: 33e0aa1cb7c019ccc3fbe049a8262a6403d30504
- name: github.com/coreos/etcd
  version: ac1c7eba21545c4ee025f2c340e143cacb53c754
  subpackages:
  - client
  - pkg/pathutil
  - pkg/types
- name: github.com/fsnotify/fsnotify
  version: a904159b9206978bb6d53fcc7a769e5cd726c737
- name: github.com/garyburd/redigo
  version: 8873b2f1995f59d4bcdd2b0dc9858e2cb9bf0c13
  subpackages:
  - internal
  - redis
- name: github.com/gorilla/context
  version: 08b5f424b9271eedf6f9f0ce86cb9396ed337a42
- name: github.com/gorilla/mux
  version: 599cba5e7b6137d46ddf58fb1765f5d928e69604
- name: github.com/influxdata/influxdb
  version: 74aa2aa9ae830cd11b8e975e85bb60e61d8d1f21
  subpackages:
  - client/v2
  - models
  - pkg/escape
- name: github.com/lytics/logrus
  version: 59cd2e4a569b4494d9196bef82f0784e467adac9
- name: github.com/mattbaird/elastigo
  version: 2fe47fd29e4b70353f852ede77a196830d2924ec
  subpackages:
  - lib
- name: github.com/Sirupsen/logrus
  version: 0208149b40d863d2c1a2f8fe5753096a9cf2cc8b
- name: github.com/ugorji/go
  version: ded73eae5db7e7a0ef6f55aace87a2873c5d2b74
  subpackages:
  - codec
- name: golang.org/x/net
  version: f2499483f923065a842d38eb4c7f1927e6fc6e6d
  subpackages:
  - context
  - http2
  - http2/hpack
  - internal/timeseries
  - trace
- name: golang.org/x/sys
  version: e4594059fe4cde2daf423055a596c2cd1e6c9adf
  subpackages:
  - unix
- name: golang.org/x/text
  version: a9a820217f98f7c8a207ec1e45a874e1fe12c478
  subpackages:
  - encoding
  - encoding/internal
  - encoding/internal/identifier
  - encoding/simplifiedchinese
  - transform
- name: gopkg.in/olivere/elastic.v5
  version: d27041682ec44beff97dd840a05cc5dd225ccf66
- name: zonst/qipai-golang-libs/httputil
  version: cfb5a39b079c28c2c8e3f6b3fc1be744efc26e99
  repo: http://git.xq5.com:/qipai-golang-libs/httputil.git
  vcs: git
- name: zonst/qipai/logagent
  version: 41fcab8407bc33c23f673d7bb6cb3662a4b1e5b9
  repo: http://git.xq5.com:/qipai-apisrv/logagent.git
  vcs: git
  subpackages:
  - output/elastic
  - output/stdout
  - queue
  - utils
testImports:
- name: github.com/davecgh/go-spew
  version: 346938d642f2ec3594ed81d874461961cd0faa76
  subpackages:
  - spew
- name: github.com/pmezard/go-difflib
  version: d8ed2627bdf02c080bf22230dbb337003b7aba2d
  subpackages:
  - difflib
- name: github.com/stretchr/testify
  version: 4d4bfba8f1d1027c4fdbe371823030df51419987
  subpackages:
  - assert
